// !$*UTF8*$!
{
	archiveVersion = 1;
	classes = {
	};
	objectVersion = 46;
	objects = {

/* Begin PBXAggregateTarget section */
		E85212811DF749CF0046AB55 /* mogenerator */ = {
			isa = PBXAggregateTarget;
			buildConfigurationList = E85212821DF749CF0046AB55 /* Build configuration list for PBXAggregateTarget "mogenerator" */;
			buildPhases = (
				E85212851DF74A460046AB55 /* ShellScript */,
			);
			dependencies = (
			);
			name = mogenerator;
			productName = mogenerator;
		};
/* End PBXAggregateTarget section */

/* Begin PBXBuildFile section */
		81E5C727DB876C80932E2918 /* Pods_Spotifier.framework in Frameworks */ = {isa = PBXBuildFile; fileRef = 4DEDBAE79B918459A98F0BE3 /* Pods_Spotifier.framework */; };
		E80F5E261DE4D87B00777038 /* AppDelegate.swift in Sources */ = {isa = PBXBuildFile; fileRef = E80F5E251DE4D87B00777038 /* AppDelegate.swift */; };
		E80F5E2B1DE4D87B00777038 /* Main.storyboard in Resources */ = {isa = PBXBuildFile; fileRef = E80F5E291DE4D87B00777038 /* Main.storyboard */; };
		E80F5E2D1DE4D87C00777038 /* Assets.xcassets in Resources */ = {isa = PBXBuildFile; fileRef = E80F5E2C1DE4D87C00777038 /* Assets.xcassets */; };
		E80F5E301DE4D87C00777038 /* LaunchScreen.storyboard in Resources */ = {isa = PBXBuildFile; fileRef = E80F5E2E1DE4D87C00777038 /* LaunchScreen.storyboard */; };
		E80F5E391DE4E00E00777038 /* Spotifier.xcdatamodeld in Sources */ = {isa = PBXBuildFile; fileRef = E80F5E371DE4E00E00777038 /* Spotifier.xcdatamodeld */; };
		E80F5E401DE7762900777038 /* Artist+CoreDataClass.swift in Sources */ = {isa = PBXBuildFile; fileRef = E80F5E3A1DE7762900777038 /* Artist+CoreDataClass.swift */; };
		E80F5E411DE7762900777038 /* Artist+CoreDataProperties.swift in Sources */ = {isa = PBXBuildFile; fileRef = E80F5E3B1DE7762900777038 /* Artist+CoreDataProperties.swift */; };
		E80F5E421DE7762900777038 /* Track+CoreDataClass.swift in Sources */ = {isa = PBXBuildFile; fileRef = E80F5E3C1DE7762900777038 /* Track+CoreDataClass.swift */; };
		E80F5E431DE7762900777038 /* Track+CoreDataProperties.swift in Sources */ = {isa = PBXBuildFile; fileRef = E80F5E3D1DE7762900777038 /* Track+CoreDataProperties.swift */; };
		E80F5E441DE7762900777038 /* Album+CoreDataClass.swift in Sources */ = {isa = PBXBuildFile; fileRef = E80F5E3E1DE7762900777038 /* Album+CoreDataClass.swift */; };
		E80F5E451DE7762900777038 /* Album+CoreDataProperties.swift in Sources */ = {isa = PBXBuildFile; fileRef = E80F5E3F1DE7762900777038 /* Album+CoreDataProperties.swift */; };
		E80F5E471DE77D9000777038 /* TrackController.swift in Sources */ = {isa = PBXBuildFile; fileRef = E80F5E461DE77D9000777038 /* TrackController.swift */; };
		E80F5E491DE77E6B00777038 /* TrackCell.swift in Sources */ = {isa = PBXBuildFile; fileRef = E80F5E481DE77E6B00777038 /* TrackCell.swift */; };
		E80F5EE81DEE0CD600777038 /* Spotify.swift in Sources */ = {isa = PBXBuildFile; fileRef = E80F5EE71DEE0CD500777038 /* Spotify.swift */; };
		E852125E1DF2031D0046AB55 /* DataManager.swift in Sources */ = {isa = PBXBuildFile; fileRef = E852125D1DF2031D0046AB55 /* DataManager.swift */; };
/* End PBXBuildFile section */

/* Begin PBXFileReference section */
		4DEDBAE79B918459A98F0BE3 /* Pods_Spotifier.framework */ = {isa = PBXFileReference; explicitFileType = wrapper.framework; includeInIndex = 0; path = Pods_Spotifier.framework; sourceTree = BUILT_PRODUCTS_DIR; };
		98A5DD64DB93B13341375C1C /* Pods-Spotifier.release.xcconfig */ = {isa = PBXFileReference; includeInIndex = 1; lastKnownFileType = text.xcconfig; name = "Pods-Spotifier.release.xcconfig"; path = "Pods/Target Support Files/Pods-Spotifier/Pods-Spotifier.release.xcconfig"; sourceTree = "<group>"; };
		DF1C8C2424BD6E712EFD4A68 /* Pods-Spotifier.debug.xcconfig */ = {isa = PBXFileReference; includeInIndex = 1; lastKnownFileType = text.xcconfig; name = "Pods-Spotifier.debug.xcconfig"; path = "Pods/Target Support Files/Pods-Spotifier/Pods-Spotifier.debug.xcconfig"; sourceTree = "<group>"; };
		E80F5E221DE4D87B00777038 /* Spotifier.app */ = {isa = PBXFileReference; explicitFileType = wrapper.application; includeInIndex = 0; path = Spotifier.app; sourceTree = BUILT_PRODUCTS_DIR; };
		E80F5E251DE4D87B00777038 /* AppDelegate.swift */ = {isa = PBXFileReference; lastKnownFileType = sourcecode.swift; path = AppDelegate.swift; sourceTree = "<group>"; };
		E80F5E2A1DE4D87B00777038 /* Base */ = {isa = PBXFileReference; lastKnownFileType = file.storyboard; name = Base; path = Base.lproj/Main.storyboard; sourceTree = "<group>"; };
		E80F5E2C1DE4D87C00777038 /* Assets.xcassets */ = {isa = PBXFileReference; lastKnownFileType = folder.assetcatalog; path = Assets.xcassets; sourceTree = "<group>"; };
		E80F5E2F1DE4D87C00777038 /* Base */ = {isa = PBXFileReference; lastKnownFileType = file.storyboard; name = Base; path = Base.lproj/LaunchScreen.storyboard; sourceTree = "<group>"; };
		E80F5E311DE4D87C00777038 /* Info.plist */ = {isa = PBXFileReference; lastKnownFileType = text.plist.xml; path = Info.plist; sourceTree = "<group>"; };
		E80F5E381DE4E00E00777038 /* Spotifier.xcdatamodel */ = {isa = PBXFileReference; lastKnownFileType = wrapper.xcdatamodel; path = Spotifier.xcdatamodel; sourceTree = "<group>"; };
		E80F5E3A1DE7762900777038 /* Artist+CoreDataClass.swift */ = {isa = PBXFileReference; fileEncoding = 4; lastKnownFileType = sourcecode.swift; path = "Artist+CoreDataClass.swift"; sourceTree = "<group>"; };
		E80F5E3B1DE7762900777038 /* Artist+CoreDataProperties.swift */ = {isa = PBXFileReference; fileEncoding = 4; lastKnownFileType = sourcecode.swift; path = "Artist+CoreDataProperties.swift"; sourceTree = "<group>"; };
		E80F5E3C1DE7762900777038 /* Track+CoreDataClass.swift */ = {isa = PBXFileReference; fileEncoding = 4; lastKnownFileType = sourcecode.swift; path = "Track+CoreDataClass.swift"; sourceTree = "<group>"; };
		E80F5E3D1DE7762900777038 /* Track+CoreDataProperties.swift */ = {isa = PBXFileReference; fileEncoding = 4; lastKnownFileType = sourcecode.swift; path = "Track+CoreDataProperties.swift"; sourceTree = "<group>"; };
		E80F5E3E1DE7762900777038 /* Album+CoreDataClass.swift */ = {isa = PBXFileReference; fileEncoding = 4; lastKnownFileType = sourcecode.swift; path = "Album+CoreDataClass.swift"; sourceTree = "<group>"; };
		E80F5E3F1DE7762900777038 /* Album+CoreDataProperties.swift */ = {isa = PBXFileReference; fileEncoding = 4; lastKnownFileType = sourcecode.swift; path = "Album+CoreDataProperties.swift"; sourceTree = "<group>"; };
		E80F5E461DE77D9000777038 /* TrackController.swift */ = {isa = PBXFileReference; fileEncoding = 4; lastKnownFileType = sourcecode.swift; name = TrackController.swift; path = ../TrackController.swift; sourceTree = "<group>"; };
		E80F5E481DE77E6B00777038 /* TrackCell.swift */ = {isa = PBXFileReference; fileEncoding = 4; lastKnownFileType = sourcecode.swift; path = TrackCell.swift; sourceTree = "<group>"; };
		E80F5EE71DEE0CD500777038 /* Spotify.swift */ = {isa = PBXFileReference; fileEncoding = 4; lastKnownFileType = sourcecode.swift; path = Spotify.swift; sourceTree = "<group>"; };
		E852125D1DF2031D0046AB55 /* DataManager.swift */ = {isa = PBXFileReference; fileEncoding = 4; lastKnownFileType = sourcecode.swift; path = DataManager.swift; sourceTree = "<group>"; };
/* End PBXFileReference section */

/* Begin PBXFrameworksBuildPhase section */
		E80F5E1F1DE4D87B00777038 /* Frameworks */ = {
			isa = PBXFrameworksBuildPhase;
			buildActionMask = 2147483647;
			files = (
				81E5C727DB876C80932E2918 /* Pods_Spotifier.framework in Frameworks */,
			);
			runOnlyForDeploymentPostprocessing = 0;
		};
/* End PBXFrameworksBuildPhase section */

/* Begin PBXGroup section */
		0E8AC7CACEAFAD40E1BA9A2A /* Frameworks */ = {
			isa = PBXGroup;
			children = (
				4DEDBAE79B918459A98F0BE3 /* Pods_Spotifier.framework */,
			);
			name = Frameworks;
			sourceTree = "<group>";
		};
		E532C1A9689E7AC615D0377A /* Pods */ = {
			isa = PBXGroup;
			children = (
				DF1C8C2424BD6E712EFD4A68 /* Pods-Spotifier.debug.xcconfig */,
				98A5DD64DB93B13341375C1C /* Pods-Spotifier.release.xcconfig */,
			);
			name = Pods;
			sourceTree = "<group>";
		};
		E80F5E191DE4D87B00777038 = {
			isa = PBXGroup;
			children = (
				E80F5EE71DEE0CD500777038 /* Spotify.swift */,
				E852125D1DF2031D0046AB55 /* DataManager.swift */,
				E80F5EE61DEE0CA300777038 /* DataModel */,
				E80F5E241DE4D87B00777038 /* Spotifier */,
				E80F5E231DE4D87B00777038 /* Products */,
				E532C1A9689E7AC615D0377A /* Pods */,
				0E8AC7CACEAFAD40E1BA9A2A /* Frameworks */,
			);
			sourceTree = "<group>";
		};
		E80F5E231DE4D87B00777038 /* Products */ = {
			isa = PBXGroup;
			children = (
				E80F5E221DE4D87B00777038 /* Spotifier.app */,
			);
			name = Products;
			sourceTree = "<group>";
		};
		E80F5E241DE4D87B00777038 /* Spotifier */ = {
			isa = PBXGroup;
			children = (
				E80F5E251DE4D87B00777038 /* AppDelegate.swift */,
				E80F5E461DE77D9000777038 /* TrackController.swift */,
				E80F5E481DE77E6B00777038 /* TrackCell.swift */,
				E80F5E291DE4D87B00777038 /* Main.storyboard */,
				E80F5E2C1DE4D87C00777038 /* Assets.xcassets */,
				E80F5E2E1DE4D87C00777038 /* LaunchScreen.storyboard */,
				E80F5E311DE4D87C00777038 /* Info.plist */,
			);
			path = Spotifier;
			sourceTree = "<group>";
		};
		E80F5EE61DEE0CA300777038 /* DataModel */ = {
			isa = PBXGroup;
			children = (
				E80F5E371DE4E00E00777038 /* Spotifier.xcdatamodeld */,
				E80F5E3A1DE7762900777038 /* Artist+CoreDataClass.swift */,
				E80F5E3B1DE7762900777038 /* Artist+CoreDataProperties.swift */,
				E80F5E3C1DE7762900777038 /* Track+CoreDataClass.swift */,
				E80F5E3D1DE7762900777038 /* Track+CoreDataProperties.swift */,
				E80F5E3E1DE7762900777038 /* Album+CoreDataClass.swift */,
				E80F5E3F1DE7762900777038 /* Album+CoreDataProperties.swift */,
			);
			name = DataModel;
			sourceTree = "<group>";
		};
/* End PBXGroup section */

/* Begin PBXNativeTarget section */
		E80F5E211DE4D87B00777038 /* Spotifier */ = {
			isa = PBXNativeTarget;
			buildConfigurationList = E80F5E341DE4D87C00777038 /* Build configuration list for PBXNativeTarget "Spotifier" */;
			buildPhases = (
				098773EB4ED4222940797994 /* [CP] Check Pods Manifest.lock */,
				E80F5E1E1DE4D87B00777038 /* Sources */,
				E80F5E1F1DE4D87B00777038 /* Frameworks */,
				E80F5E201DE4D87B00777038 /* Resources */,
				3BAA282B72FE9DBC46FE3C12 /* [CP] Embed Pods Frameworks */,
				9859B32871E1575C65C2A7A7 /* [CP] Copy Pods Resources */,
			);
			buildRules = (
			);
			dependencies = (
			);
			name = Spotifier;
			productName = Spotifier;
			productReference = E80F5E221DE4D87B00777038 /* Spotifier.app */;
			productType = "com.apple.product-type.application";
		};
/* End PBXNativeTarget section */

/* Begin PBXProject section */
		E80F5E1A1DE4D87B00777038 /* Project object */ = {
			isa = PBXProject;
			attributes = {
				LastSwiftUpdateCheck = 0810;
				LastUpgradeCheck = 0810;
				ORGANIZATIONNAME = "iOS akademija";
				TargetAttributes = {
					E80F5E211DE4D87B00777038 = {
						CreatedOnToolsVersion = 8.1;
						ProvisioningStyle = Automatic;
					};
					E85212811DF749CF0046AB55 = {
						CreatedOnToolsVersion = 8.1;
						ProvisioningStyle = Automatic;
					};
				};
			};
			buildConfigurationList = E80F5E1D1DE4D87B00777038 /* Build configuration list for PBXProject "Spotifier" */;
			compatibilityVersion = "Xcode 3.2";
			developmentRegion = English;
			hasScannedForEncodings = 0;
			knownRegions = (
				en,
				Base,
			);
			mainGroup = E80F5E191DE4D87B00777038;
			productRefGroup = E80F5E231DE4D87B00777038 /* Products */;
			projectDirPath = "";
			projectRoot = "";
			targets = (
				E80F5E211DE4D87B00777038 /* Spotifier */,
				E85212811DF749CF0046AB55 /* mogenerator */,
			);
		};
/* End PBXProject section */

/* Begin PBXResourcesBuildPhase section */
		E80F5E201DE4D87B00777038 /* Resources */ = {
			isa = PBXResourcesBuildPhase;
			buildActionMask = 2147483647;
			files = (
				E80F5E301DE4D87C00777038 /* LaunchScreen.storyboard in Resources */,
				E80F5E2D1DE4D87C00777038 /* Assets.xcassets in Resources */,
				E80F5E2B1DE4D87B00777038 /* Main.storyboard in Resources */,
			);
			runOnlyForDeploymentPostprocessing = 0;
		};
/* End PBXResourcesBuildPhase section */

/* Begin PBXShellScriptBuildPhase section */
		098773EB4ED4222940797994 /* [CP] Check Pods Manifest.lock */ = {
			isa = PBXShellScriptBuildPhase;
			buildActionMask = 2147483647;
			files = (
			);
			inputPaths = (
			);
			name = "[CP] Check Pods Manifest.lock";
			outputPaths = (
			);
			runOnlyForDeploymentPostprocessing = 0;
			shellPath = /bin/sh;
			shellScript = "diff \"${PODS_ROOT}/../Podfile.lock\" \"${PODS_ROOT}/Manifest.lock\" > /dev/null\nif [ $? != 0 ] ; then\n    # print error to STDERR\n    echo \"error: The sandbox is not in sync with the Podfile.lock. Run 'pod install' or update your CocoaPods installation.\" >&2\n    exit 1\nfi\n";
			showEnvVarsInLog = 0;
		};
		3BAA282B72FE9DBC46FE3C12 /* [CP] Embed Pods Frameworks */ = {
			isa = PBXShellScriptBuildPhase;
			buildActionMask = 2147483647;
			files = (
			);
			inputPaths = (
			);
			name = "[CP] Embed Pods Frameworks";
			outputPaths = (
			);
			runOnlyForDeploymentPostprocessing = 0;
			shellPath = /bin/sh;
			shellScript = "\"${SRCROOT}/Pods/Target Support Files/Pods-Spotifier/Pods-Spotifier-frameworks.sh\"\n";
			showEnvVarsInLog = 0;
		};
		9859B32871E1575C65C2A7A7 /* [CP] Copy Pods Resources */ = {
			isa = PBXShellScriptBuildPhase;
			buildActionMask = 2147483647;
			files = (
			);
			inputPaths = (
			);
			name = "[CP] Copy Pods Resources";
			outputPaths = (
			);
			runOnlyForDeploymentPostprocessing = 0;
			shellPath = /bin/sh;
			shellScript = "\"${SRCROOT}/Pods/Target Support Files/Pods-Spotifier/Pods-Spotifier-resources.sh\"\n";
			showEnvVarsInLog = 0;
		};
		E85212851DF74A460046AB55 /* ShellScript */ = {
			isa = PBXShellScriptBuildPhase;
			buildActionMask = 2147483647;
			files = (
			);
			inputPaths = (
			);
			outputPaths = (
			);
			runOnlyForDeploymentPostprocessing = 0;
			shellPath = /bin/sh;
			shellScript = "";
		};
/* End PBXShellScriptBuildPhase section */

/* Begin PBXSourcesBuildPhase section */
		E80F5E1E1DE4D87B00777038 /* Sources */ = {
			isa = PBXSourcesBuildPhase;
			buildActionMask = 2147483647;
			files = (
				E80F5E401DE7762900777038 /* Artist+CoreDataClass.swift in Sources */,
				E852125E1DF2031D0046AB55 /* DataManager.swift in Sources */,
				E80F5E441DE7762900777038 /* Album+CoreDataClass.swift in Sources */,
				E80F5E431DE7762900777038 /* Track+CoreDataProperties.swift in Sources */,
				E80F5E391DE4E00E00777038 /* Spotifier.xcdatamodeld in Sources */,
				E80F5E471DE77D9000777038 /* TrackController.swift in Sources */,
				E80F5E491DE77E6B00777038 /* TrackCell.swift in Sources */,
				E80F5E411DE7762900777038 /* Artist+CoreDataProperties.swift in Sources */,
				E80F5E451DE7762900777038 /* Album+CoreDataProperties.swift in Sources */,
				E80F5E261DE4D87B00777038 /* AppDelegate.swift in Sources */,
				E80F5EE81DEE0CD600777038 /* Spotify.swift in Sources */,
				E80F5E421DE7762900777038 /* Track+CoreDataClass.swift in Sources */,
			);
			runOnlyForDeploymentPostprocessing = 0;
		};
/* End PBXSourcesBuildPhase section */

/* Begin PBXVariantGroup section */
		E80F5E291DE4D87B00777038 /* Main.storyboard */ = {
			isa = PBXVariantGroup;
			children = (
				E80F5E2A1DE4D87B00777038 /* Base */,
			);
			name = Main.storyboard;
			sourceTree = "<group>";
		};
		E80F5E2E1DE4D87C00777038 /* LaunchScreen.storyboard */ = {
			isa = PBXVariantGroup;
			children = (
				E80F5E2F1DE4D87C00777038 /* Base */,
			);
			name = LaunchScreen.storyboard;
			sourceTree = "<group>";
		};
/* End PBXVariantGroup section */

/* Begin XCBuildConfiguration section */
		E80F5E321DE4D87C00777038 /* Debug */ = {
			isa = XCBuildConfiguration;
			buildSettings = {
				ALWAYS_SEARCH_USER_PATHS = NO;
				CLANG_ANALYZER_NONNULL = YES;
				CLANG_CXX_LANGUAGE_STANDARD = "gnu++0x";
				CLANG_CXX_LIBRARY = "libc++";
				CLANG_ENABLE_MODULES = YES;
				CLANG_ENABLE_OBJC_ARC = YES;
				CLANG_WARN_BOOL_CONVERSION = YES;
				CLANG_WARN_CONSTANT_CONVERSION = YES;
				CLANG_WARN_DIRECT_OBJC_ISA_USAGE = YES_ERROR;
				CLANG_WARN_DOCUMENTATION_COMMENTS = YES;
				CLANG_WARN_EMPTY_BODY = YES;
				CLANG_WARN_ENUM_CONVERSION = YES;
				CLANG_WARN_INFINITE_RECURSION = YES;
				CLANG_WARN_INT_CONVERSION = YES;
				CLANG_WARN_OBJC_ROOT_CLASS = YES_ERROR;
				CLANG_WARN_SUSPICIOUS_MOVES = YES;
				CLANG_WARN_UNREACHABLE_CODE = YES;
				CLANG_WARN__DUPLICATE_METHOD_MATCH = YES;
				"CODE_SIGN_IDENTITY[sdk=iphoneos*]" = "iPhone Developer";
				COPY_PHASE_STRIP = NO;
				DEBUG_INFORMATION_FORMAT = dwarf;
				ENABLE_STRICT_OBJC_MSGSEND = YES;
				ENABLE_TESTABILITY = YES;
				GCC_C_LANGUAGE_STANDARD = gnu99;
				GCC_DYNAMIC_NO_PIC = NO;
				GCC_NO_COMMON_BLOCKS = YES;
				GCC_OPTIMIZATION_LEVEL = 0;
				GCC_PREPROCESSOR_DEFINITIONS = (
					"DEBUG=1",
					"$(inherited)",
				);
				GCC_WARN_64_TO_32_BIT_CONVERSION = YES;
				GCC_WARN_ABOUT_RETURN_TYPE = YES_ERROR;
				GCC_WARN_UNDECLARED_SELECTOR = YES;
				GCC_WARN_UNINITIALIZED_AUTOS = YES_AGGRESSIVE;
				GCC_WARN_UNUSED_FUNCTION = YES;
				GCC_WARN_UNUSED_VARIABLE = YES;
				IPHONEOS_DEPLOYMENT_TARGET = 10.1;
				MTL_ENABLE_DEBUG_INFO = YES;
				ONLY_ACTIVE_ARCH = YES;
				SDKROOT = iphoneos;
				SWIFT_ACTIVE_COMPILATION_CONDITIONS = DEBUG;
				SWIFT_OPTIMIZATION_LEVEL = "-Onone";
				TARGETED_DEVICE_FAMILY = "1,2";
			};
			name = Debug;
		};
		E80F5E331DE4D87C00777038 /* Release */ = {
			isa = XCBuildConfiguration;
			buildSettings = {
				ALWAYS_SEARCH_USER_PATHS = NO;
				CLANG_ANALYZER_NONNULL = YES;
				CLANG_CXX_LANGUAGE_STANDARD = "gnu++0x";
				CLANG_CXX_LIBRARY = "libc++";
				CLANG_ENABLE_MODULES = YES;
				CLANG_ENABLE_OBJC_ARC = YES;
				CLANG_WARN_BOOL_CONVERSION = YES;
				CLANG_WARN_CONSTANT_CONVERSION = YES;
				CLANG_WARN_DIRECT_OBJC_ISA_USAGE = YES_ERROR;
				CLANG_WARN_DOCUMENTATION_COMMENTS = YES;
				CLANG_WARN_EMPTY_BODY = YES;
				CLANG_WARN_ENUM_CONVERSION = YES;
				CLANG_WARN_INFINITE_RECURSION = YES;
				CLANG_WARN_INT_CONVERSION = YES;
				CLANG_WARN_OBJC_ROOT_CLASS = YES_ERROR;
				CLANG_WARN_SUSPICIOUS_MOVES = YES;
				CLANG_WARN_UNREACHABLE_CODE = YES;
				CLANG_WARN__DUPLICATE_METHOD_MATCH = YES;
				"CODE_SIGN_IDENTITY[sdk=iphoneos*]" = "iPhone Developer";
				COPY_PHASE_STRIP = NO;
				DEBUG_INFORMATION_FORMAT = "dwarf-with-dsym";
				ENABLE_NS_ASSERTIONS = NO;
				ENABLE_STRICT_OBJC_MSGSEND = YES;
				GCC_C_LANGUAGE_STANDARD = gnu99;
				GCC_NO_COMMON_BLOCKS = YES;
				GCC_WARN_64_TO_32_BIT_CONVERSION = YES;
				GCC_WARN_ABOUT_RETURN_TYPE = YES_ERROR;
				GCC_WARN_UNDECLARED_SELECTOR = YES;
				GCC_WARN_UNINITIALIZED_AUTOS = YES_AGGRESSIVE;
				GCC_WARN_UNUSED_FUNCTION = YES;
				GCC_WARN_UNUSED_VARIABLE = YES;
				IPHONEOS_DEPLOYMENT_TARGET = 10.1;
				MTL_ENABLE_DEBUG_INFO = NO;
				SDKROOT = iphoneos;
				SWIFT_OPTIMIZATION_LEVEL = "-Owholemodule";
				TARGETED_DEVICE_FAMILY = "1,2";
				VALIDATE_PRODUCT = YES;
			};
			name = Release;
		};
		E80F5E351DE4D87C00777038 /* Debug */ = {
			isa = XCBuildConfiguration;
			baseConfigurationReference = DF1C8C2424BD6E712EFD4A68 /* Pods-Spotifier.debug.xcconfig */;
			buildSettings = {
				ASSETCATALOG_COMPILER_APPICON_NAME = AppIcon;
				INFOPLIST_FILE = Spotifier/Info.plist;
				IPHONEOS_DEPLOYMENT_TARGET = 10.0;
				LD_RUNPATH_SEARCH_PATHS = "$(inherited) @executable_path/Frameworks";
				PRODUCT_BUNDLE_IDENTIFIER = rs.iosakademija.Spotifier;
				PRODUCT_NAME = "$(TARGET_NAME)";
				SWIFT_VERSION = 3.0;
			};
			name = Debug;
		};
		E80F5E361DE4D87C00777038 /* Release */ = {
			isa = XCBuildConfiguration;
			baseConfigurationReference = 98A5DD64DB93B13341375C1C /* Pods-Spotifier.release.xcconfig */;
			buildSettings = {
				ASSETCATALOG_COMPILER_APPICON_NAME = AppIcon;
				INFOPLIST_FILE = Spotifier/Info.plist;
				IPHONEOS_DEPLOYMENT_TARGET = 10.0;
				LD_RUNPATH_SEARCH_PATHS = "$(inherited) @executable_path/Frameworks";
				PRODUCT_BUNDLE_IDENTIFIER = rs.iosakademija.Spotifier;
				PRODUCT_NAME = "$(TARGET_NAME)";
				SWIFT_VERSION = 3.0;
			};
			name = Release;
		};
		E85212831DF749CF0046AB55 /* Debug */ = {
			isa = XCBuildConfiguration;
			buildSettings = {
				PRODUCT_NAME = "$(TARGET_NAME)";
			};
			name = Debug;
		};
		E85212841DF749CF0046AB55 /* Release */ = {
			isa = XCBuildConfiguration;
			buildSettings = {
				PRODUCT_NAME = "$(TARGET_NAME)";
			};
			name = Release;
		};
/* End XCBuildConfiguration section */

/* Begin XCConfigurationList section */
		E80F5E1D1DE4D87B00777038 /* Build configuration list for PBXProject "Spotifier" */ = {
			isa = XCConfigurationList;
			buildConfigurations = (
				E80F5E321DE4D87C00777038 /* Debug */,
				E80F5E331DE4D87C00777038 /* Release */,
			);
			defaultConfigurationIsVisible = 0;
			defaultConfigurationName = Release;
		};
		E80F5E341DE4D87C00777038 /* Build configuration list for PBXNativeTarget "Spotifier" */ = {
			isa = XCConfigurationList;
			buildConfigurations = (
				E80F5E351DE4D87C00777038 /* Debug */,
				E80F5E361DE4D87C00777038 /* Release */,
			);
			defaultConfigurationIsVisible = 0;
			defaultConfigurationName = Release;
		};
		E85212821DF749CF0046AB55 /* Build configuration list for PBXAggregateTarget "mogenerator" */ = {
			isa = XCConfigurationList;
			buildConfigurations = (
				E85212831DF749CF0046AB55 /* Debug */,
				E85212841DF749CF0046AB55 /* Release */,
			);
			defaultConfigurationIsVisible = 0;
		};
/* End XCConfigurationList section */

/* Begin XCVersionGroup section */
		E80F5E371DE4E00E00777038 /* Spotifier.xcdatamodeld */ = {
			isa = XCVersionGroup;
			children = (
				E80F5E381DE4E00E00777038 /* Spotifier.xcdatamodel */,
			);
			currentVersion = E80F5E381DE4E00E00777038 /* Spotifier.xcdatamodel */;
			name = Spotifier.xcdatamodeld;
			path = Spotifier/Spotifier.xcdatamodeld;
			sourceTree = "<group>";
			versionGroupType = wrapper.xcdatamodel;
		};
/* End XCVersionGroup section */
	};
	rootObject = E80F5E1A1DE4D87B00777038 /* Project object */;
}
